
Microsoft Visual Studio Solution File, Format Version 12.00
# Visual Studio Version 17
VisualStudioVersion = 17.14.36127.28
MinimumVisualStudioVersion = 10.0.40219.1
Project("{FAE04EC0-301F-11D3-BF4B-00C04F79EFBC}") = "TaskManagement.Api", "TaskManagement.Api.csproj", "{8C4D1CEC-729F-4BC4-8E90-D3DD1F218FCD}"
EndProject
Project("{FAE04EC0-301F-11D3-BF4B-00C04F79EFBC}") = "TaskManagement.Domain", "..\TaskManagement.Domain\TaskManagement.Domain.csproj", "{FC288D3C-0EFB-491F-B119-580D97FCA632}"
EndProject
Project("{FAE04EC0-301F-11D3-BF4B-00C04F79EFBC}") = "TaskManagement.Infrastructure", "..\TaskManagement.Infrastructure\TaskManagement.Infrastructure.csproj", "{886C1CDA-DA8C-412F-BCFD-7FD3C1CE4EF6}"
EndProject
Global
	GlobalSection(SolutionConfigurationPlatforms) = preSolution
		Debug|Any CPU = Debug|Any CPU
		Release|Any CPU = Release|Any CPU
	EndGlobalSection
	GlobalSection(ProjectConfigurationPlatforms) = postSolution
		{8C4D1CEC-729F-4BC4-8E90-D3DD1F218FCD}.Debug|Any CPU.ActiveCfg = Debug|Any CPU
		{8C4D1CEC-729F-4BC4-8E90-D3DD1F218FCD}.Debug|Any CPU.Build.0 = Debug|Any CPU
		{8C4D1CEC-729F-4BC4-8E90-D3DD1F218FCD}.Release|Any CPU.ActiveCfg = Release|Any CPU
		{8C4D1CEC-729F-4BC4-8E90-D3DD1F218FCD}.Release|Any CPU.Build.0 = Release|Any CPU
		{FC288D3C-0EFB-491F-B119-580D97FCA632}.Debug|Any CPU.ActiveCfg = Debug|Any CPU
		{FC288D3C-0EFB-491F-B119-580D97FCA632}.Debug|Any CPU.Build.0 = Debug|Any CPU
		{FC288D3C-0EFB-491F-B119-580D97FCA632}.Release|Any CPU.ActiveCfg = Release|Any CPU
		{FC288D3C-0EFB-491F-B119-580D97FCA632}.Release|Any CPU.Build.0 = Release|Any CPU
		{886C1CDA-DA8C-412F-BCFD-7FD3C1CE4EF6}.Debug|Any CPU.ActiveCfg = Debug|Any CPU
		{886C1CDA-DA8C-412F-BCFD-7FD3C1CE4EF6}.Debug|Any CPU.Build.0 = Debug|Any CPU
		{886C1CDA-DA8C-412F-BCFD-7FD3C1CE4EF6}.Release|Any CPU.ActiveCfg = Release|Any CPU
		{886C1CDA-DA8C-412F-BCFD-7FD3C1CE4EF6}.Release|Any CPU.Build.0 = Release|Any CPU
	EndGlobalSection
	GlobalSection(SolutionProperties) = preSolution
		HideSolutionNode = FALSE
	EndGlobalSection
	GlobalSection(ExtensibilityGlobals) = postSolution
		SolutionGuid = {77FE0D83-8461-4D04-9521-5BAB4411257F}
	EndGlobalSection
EndGlobal
